
Microsoft Visual Studio Solution File, Format Version 12.00
# Visual Studio Version 17
VisualStudioVersion = 17.14.36327.8
MinimumVisualStudioVersion = 10.0.40219.1
Project("{2150E333-8FDC-42A3-9474-1A3956D46DE8}") = "Domain", "Domain", "{02EA681E-C7D8-13C7-8484-4AC65E1B71E8}"
EndProject
Project("{2150E333-8FDC-42A3-9474-1A3956D46DE8}") = "Application", "Application", "{1F235620-0428-4828-B98C-812F667ADC28}"
EndProject
Project("{2150E333-8FDC-42A3-9474-1A3956D46DE8}") = "Infrastructure", "Infrastructure", "{4088715A-0C3A-42A6-B76F-DA0FF82A934F}"
EndProject
Project("{2150E333-8FDC-42A3-9474-1A3956D46DE8}") = "API", "API", "{CB0F55AD-1006-40D6-B5FD-A0FBE5AB2A6C}"
EndProject
Project("{2150E333-8FDC-42A3-9474-1A3956D46DE8}") = "Tests", "Tests", "{3D3A1C16-6CF9-4411-845F-460F4AD052EB}"
EndProject
Project("{FAE04EC0-301F-11D3-BF4B-00C04F79EFBC}") = "Domain", "Domain\Domain.csproj", "{D4D53116-68BC-4BF2-B6C2-F1E7B357866C}"
EndProject
Project("{FAE04EC0-301F-11D3-BF4B-00C04F79EFBC}") = "Application", "Application\Application.csproj", "{1FD8EF9B-D5B1-4454-9CA6-509E9A1C1CA6}"
EndProject
Project("{FAE04EC0-301F-11D3-BF4B-00C04F79EFBC}") = "Infrastructure", "Infrastructure\Infrastructure.csproj", "{5D0B0860-22F0-4C93-ABEE-3A17543561BE}"
EndProject
Project("{FAE04EC0-301F-11D3-BF4B-00C04F79EFBC}") = "WebApi", "WebApi\WebApi.csproj", "{5C77CBBC-C1D8-46A7-84F7-021845DAD686}"
EndProject
Project("{FAE04EC0-301F-11D3-BF4B-00C04F79EFBC}") = "TestProjeto", "TestProjeto\TestProjeto.csproj", "{E577C3E3-E8AA-47DB-A772-318986D4916C}"
EndProject
Global
	GlobalSection(SolutionConfigurationPlatforms) = preSolution
		Debug|Any CPU = Debug|Any CPU
		Release|Any CPU = Release|Any CPU
	EndGlobalSection
	GlobalSection(ProjectConfigurationPlatforms) = postSolution
		{D4D53116-68BC-4BF2-B6C2-F1E7B357866C}.Debug|Any CPU.ActiveCfg = Debug|Any CPU
		{D4D53116-68BC-4BF2-B6C2-F1E7B357866C}.Debug|Any CPU.Build.0 = Debug|Any CPU
		{D4D53116-68BC-4BF2-B6C2-F1E7B357866C}.Release|Any CPU.ActiveCfg = Release|Any CPU
		{D4D53116-68BC-4BF2-B6C2-F1E7B357866C}.Release|Any CPU.Build.0 = Release|Any CPU
		{1FD8EF9B-D5B1-4454-9CA6-509E9A1C1CA6}.Debug|Any CPU.ActiveCfg = Debug|Any CPU
		{1FD8EF9B-D5B1-4454-9CA6-509E9A1C1CA6}.Debug|Any CPU.Build.0 = Debug|Any CPU
		{1FD8EF9B-D5B1-4454-9CA6-509E9A1C1CA6}.Release|Any CPU.ActiveCfg = Release|Any CPU
		{1FD8EF9B-D5B1-4454-9CA6-509E9A1C1CA6}.Release|Any CPU.Build.0 = Release|Any CPU
		{5D0B0860-22F0-4C93-ABEE-3A17543561BE}.Debug|Any CPU.ActiveCfg = Debug|Any CPU
		{5D0B0860-22F0-4C93-ABEE-3A17543561BE}.Debug|Any CPU.Build.0 = Debug|Any CPU
		{5D0B0860-22F0-4C93-ABEE-3A17543561BE}.Release|Any CPU.ActiveCfg = Release|Any CPU
		{5D0B0860-22F0-4C93-ABEE-3A17543561BE}.Release|Any CPU.Build.0 = Release|Any CPU
		{5C77CBBC-C1D8-46A7-84F7-021845DAD686}.Debug|Any CPU.ActiveCfg = Debug|Any CPU
		{5C77CBBC-C1D8-46A7-84F7-021845DAD686}.Debug|Any CPU.Build.0 = Debug|Any CPU
		{5C77CBBC-C1D8-46A7-84F7-021845DAD686}.Release|Any CPU.ActiveCfg = Release|Any CPU
		{5C77CBBC-C1D8-46A7-84F7-021845DAD686}.Release|Any CPU.Build.0 = Release|Any CPU
		{E577C3E3-E8AA-47DB-A772-318986D4916C}.Debug|Any CPU.ActiveCfg = Debug|Any CPU
		{E577C3E3-E8AA-47DB-A772-318986D4916C}.Debug|Any CPU.Build.0 = Debug|Any CPU
		{E577C3E3-E8AA-47DB-A772-318986D4916C}.Release|Any CPU.ActiveCfg = Release|Any CPU
		{E577C3E3-E8AA-47DB-A772-318986D4916C}.Release|Any CPU.Build.0 = Release|Any CPU
	EndGlobalSection
	GlobalSection(SolutionProperties) = preSolution
		HideSolutionNode = FALSE
	EndGlobalSection
	GlobalSection(NestedProjects) = preSolution
		{D4D53116-68BC-4BF2-B6C2-F1E7B357866C} = {02EA681E-C7D8-13C7-8484-4AC65E1B71E8}
		{1FD8EF9B-D5B1-4454-9CA6-509E9A1C1CA6} = {1F235620-0428-4828-B98C-812F667ADC28}
		{5D0B0860-22F0-4C93-ABEE-3A17543561BE} = {4088715A-0C3A-42A6-B76F-DA0FF82A934F}
		{5C77CBBC-C1D8-46A7-84F7-021845DAD686} = {CB0F55AD-1006-40D6-B5FD-A0FBE5AB2A6C}
		{E577C3E3-E8AA-47DB-A772-318986D4916C} = {3D3A1C16-6CF9-4411-845F-460F4AD052EB}
	EndGlobalSection
	GlobalSection(ExtensibilityGlobals) = postSolution
		SolutionGuid = {0D025C79-EEF6-4C69-94AF-FEEEEF61FD47}
	EndGlobalSection
EndGlobal
